
Microsoft Visual Studio Solution File, Format Version 12.00
# Visual Studio Version 17
VisualStudioVersion = 17.4.33213.308
MinimumVisualStudioVersion = 10.0.40219.1
Project("{FAE04EC0-301F-11D3-BF4B-00C04F79EFBC}") = "aula11.2", "aula11.2\aula11.2.csproj", "{9CD330A7-BF67-4FB9-9061-9A8FC50465AB}"
EndProject
Global
	GlobalSection(SolutionConfigurationPlatforms) = preSolution
		Debug|Any CPU = Debug|Any CPU
		Release|Any CPU = Release|Any CPU
	EndGlobalSection
	GlobalSection(ProjectConfigurationPlatforms) = postSolution
		{9CD330A7-BF67-4FB9-9061-9A8FC50465AB}.Debug|Any CPU.ActiveCfg = Debug|Any CPU
		{9CD330A7-BF67-4FB9-9061-9A8FC50465AB}.Debug|Any CPU.Build.0 = Debug|Any CPU
		{9CD330A7-BF67-4FB9-9061-9A8FC50465AB}.Release|Any CPU.ActiveCfg = Release|Any CPU
		{9CD330A7-BF67-4FB9-9061-9A8FC50465AB}.Release|Any CPU.Build.0 = Release|Any CPU
	EndGlobalSection
	GlobalSection(SolutionProperties) = preSolution
		HideSolutionNode = FALSE
	EndGlobalSection
	GlobalSection(ExtensibilityGlobals) = postSolution
		SolutionGuid = {5E59E233-7BEF-4068-8039-F1E197DD29AB}
	EndGlobalSection
EndGlobal
